schema: '2.0'
stages:
  fetch_mbajk_data:
    cmd: python src/data/fetch_mbajk_data.py
    deps:
    - path: src/data/fetch_mbajk_data.py
      hash: md5
      md5: a1e028459d6b84c6519b5d621c8d3335
      size: 862
    outs:
    - path: data/raw/mbajk/mbajk.json
      hash: md5
      md5: c84d1baefd4e34c4ba58eaaf76f98a40
      size: 13382
  preprocess_mbajk_data:
    cmd: python src/data/preprocess_mbajk_data.py
    deps:
    - path: data/raw/mbajk/all-mbajk.json
      hash: md5
      md5: b6b06eaced8c4a2286c96d0de2fe62b7
      size: 9164040
    - path: data/raw/mbajk/mbajk.json
      hash: md5
      md5: d41d8cd98f00b204e9800998ecf8427e
      size: 0
    - path: src/data/preprocess_mbajk_data.py
      hash: md5
      md5: 72783008231c438cebd3587302b5bbc5
      size: 1246
    outs:
    - path: data/raw/mbajk/preprocessed_mbajk.csv
      hash: md5
      md5: 70898232d22641fe39f1d065b19eab24
      size: 2179
  fetch_weather_data:
    cmd: python src/data/fetch_weather_data.py
    deps:
    - path: src/data/fetch_weather_data.py
      hash: md5
      md5: eb54fcd7afa058a208dcc81d57460ec5
      size: 2927
    outs:
    - path: data/raw/weather/weather.csv
      hash: md5
      md5: 89c1dc1b5d2bb7836061bf9b2755c6ee
      size: 1783
  preprocess_weather_data:
    cmd: python src/data/preprocess_weather_data.py
    deps:
    - path: data/raw/weather/all-weather.csv
      hash: md5
      md5: 50f7741bb806e8687e8f43390f802fc4
      size: 3473
    - path: data/raw/weather/weather.csv
      hash: md5
      md5: 89c1dc1b5d2bb7836061bf9b2755c6ee
      size: 1783
    - path: src/data/preprocess_weather_data.py
      hash: md5
      md5: daaaba99d135d75d7d4283610d721493
      size: 1395
    outs:
    - path: data/raw/weather/preprocessed_weather.csv
      hash: md5
      md5: 50f7741bb806e8687e8f43390f802fc4
      size: 3473
  merge_processed_data:
    cmd: python src/data/merge_processed_data.py
    deps:
    - path: data/raw/mbajk/preprocessed_mbajk.csv
      hash: md5
      md5: 70898232d22641fe39f1d065b19eab24
      size: 2179
    - path: data/raw/weather/preprocessed_weather.csv
      hash: md5
      md5: 50f7741bb806e8687e8f43390f802fc4
      size: 3473
    - path: src/data/merge_processed_data.py
      hash: md5
      md5: d7578277d82f072efe710ff388c71c92
      size: 1258
