schema: '2.0'
stages:
  fetch_mbajk_data:
    cmd: python src/data/fetch_mbajk_data.py
    deps:
    - path: src/data/fetch_mbajk_data.py
      hash: md5
      md5: a1e028459d6b84c6519b5d621c8d3335
      size: 862
    outs:
    - path: data/raw/mbajk/mbajk.json
      hash: md5
      md5: a28bc992d13174fddaede8924055ec0c
      size: 13381
  preprocess_mbajk_data:
    cmd: python src/data/preprocess_mbajk_data.py
    deps:
    - path: data/raw/mbajk/all-mbajk.json
      hash: md5
      md5: 858d8728189d6859d673e4dbbf01e332
      size: 9097140
    - path: data/raw/mbajk/mbajk.json
      hash: md5
      md5: d41d8cd98f00b204e9800998ecf8427e
      size: 0
    - path: src/data/preprocess_mbajk_data.py
      hash: md5
      md5: 72783008231c438cebd3587302b5bbc5
      size: 1246
    outs:
    - path: data/raw/mbajk/preprocessed_mbajk.csv
      hash: md5
      md5: 2f2985fe1dc0696e511a80eb204b714c
      size: 2181
  fetch_weather_data:
    cmd: python src/data/fetch_weather_data.py
    deps:
    - path: src/data/fetch_weather_data.py
      hash: md5
      md5: eb54fcd7afa058a208dcc81d57460ec5
      size: 2927
    outs:
    - path: data/raw/weather/weather.csv
      hash: md5
      md5: 35f69803638f6b58a543553ddfab66e0
      size: 1779
  preprocess_weather_data:
    cmd: python src/data/preprocess_weather_data.py
    deps:
    - path: data/raw/weather/all-weather.csv
      hash: md5
      md5: 5f18781bf5fa989dd8674852a558f607
      size: 3469
    - path: data/raw/weather/weather.csv
      hash: md5
      md5: 35f69803638f6b58a543553ddfab66e0
      size: 1779
    - path: src/data/preprocess_weather_data.py
      hash: md5
      md5: daaaba99d135d75d7d4283610d721493
      size: 1395
    outs:
    - path: data/raw/weather/preprocessed_weather.csv
      hash: md5
      md5: 5f18781bf5fa989dd8674852a558f607
      size: 3469
  merge_processed_data:
    cmd: python src/data/merge_processed_data.py
    deps:
    - path: data/raw/mbajk/preprocessed_mbajk.csv
      hash: md5
      md5: 2f2985fe1dc0696e511a80eb204b714c
      size: 2181
    - path: data/raw/weather/preprocessed_weather.csv
      hash: md5
      md5: 5f18781bf5fa989dd8674852a558f607
      size: 3469
    - path: src/data/merge_processed_data.py
      hash: md5
      md5: d7578277d82f072efe710ff388c71c92
      size: 1258
    outs:
    - path: data/processed/processed_data=DVORANA_TABOR.csv
      hash: md5
      md5: 9b831c88c54881a86ea510b1682e8e53
      size: 249
    - path: data/processed/processed_data=EUROPARK_-_POBREŠKA_C.csv
      hash: md5
      md5: 0646f857cc134c28ed0e42cdb196292a
      size: 250
    - path: data/processed/processed_data=GORKEGA_UL_-_OŠ_FRANCETA_PREŠERNA.csv
      hash: md5
      md5: 3a12d2e869ca987bbc05f30c08c38529
      size: 249
    - path: data/processed/processed_data=GOSPOSVETSKA_C_-_III_GIMNAZIJA.csv
      hash: md5
      md5: ef4e723949e6293facfad26269af778f
      size: 253
    - path: data/processed/processed_data=GOSPOSVETSKA_C_-_TURNERJEVA_UL.csv
      hash: md5
      md5: 9949014e44d58567f51210a4cb460c60
      size: 253
    - path: data/processed/processed_data=GOSPOSVETSKA_C_-_VRBANSKA_C.csv
      hash: md5
      md5: 58f2c81ddc34bb1becb2774727b0a361
      size: 254
    - path: data/processed/processed_data=JHMB_–_DVOETAŽNI_MOST.csv
      hash: md5
      md5: e67b9a6a03c251be6a827c32bf966559
      size: 252
    - path: data/processed/processed_data=KOROŠKA_C_-_KOROŠKI_VETER.csv
      hash: md5
      md5: 3a65376fbbac314bfbb7a0bd30485257
      size: 250
    - path: data/processed/processed_data=LIDL_-_KOROŠKA_C.csv
      hash: md5
      md5: 395bcf06536abb40f3c1758440366370
      size: 250
    - path: data/processed/processed_data=LIDL_-_TITOVA_C.csv
      hash: md5
      md5: 49aebcd25b398a6a4c84e3eb1f30a1ed
      size: 247
    - path: data/processed/processed_data=LJUBLJANSKA_UL_-_FOCHEVA.csv
      hash: md5
      md5: 850ba10d6df179a885de2aaa7a821004
      size: 247
    - path: data/processed/processed_data=LJUBLJANSKA_UL_-_II_GIMNAZIJA.csv
      hash: md5
      md5: 845ae399c627d1fd5dc8ff8d2404b1fb
      size: 254
    - path: data/processed/processed_data=MLADINSKA_UL_-_TRUBARJEVA_UL.csv
      hash: md5
      md5: 3d58a7247e4078e5fbb030261d9bbe28
      size: 251
    - path: data/processed/processed_data=MLINSKA_UL__-_AVTOBUSNA_POSTAJA.csv
      hash: md5
      md5: a3bec0d95e2605d2da4bcb72c4a84d84
      size: 249
    - path: data/processed/processed_data=NA_POLJANAH_-_HEROJA_ŠERCERJA.csv
      hash: md5
      md5: fe3935d54131ea169d76841cea54c672
      size: 246
    - path: data/processed/processed_data=NICEHASH_-_C_PROLETARSKIH_BRIGAD.csv
      hash: md5
      md5: 5050e18aef8f3e530aea38d702ed3791
      size: 258
    - path: data/processed/processed_data=NKBM_-_TRG_LEONA_ŠTUKLJA.csv
      hash: md5
      md5: 147344d9a5fa83104121db560964382d
      size: 263
    - path: data/processed/processed_data=PARTIZANSKA_C_-_CANKARJEVA_UL.csv
      hash: md5
      md5: 84d2d945fa1159de4d56f4f3e8f88438
      size: 250
    - path: data/processed/processed_data=PARTIZANSKA_C_-_TIC.csv
      hash: md5
      md5: 241f04aeb3303bddc23568ce717cfcd9
      size: 253
    - path: data/processed/processed_data=PARTIZANSKA_C_-_ŽELEZNIŠKA_POSTAJA.csv
      hash: md5
      md5: 34fad3e5f3c86fc7c1b6d0a7f07994a1
      size: 256
    - path: data/processed/processed_data=PETROL_–_LENT_–_VODNI_STOLP.csv
      hash: md5
      md5: 4f892a622cfcfb9fb17f9f35cd3801a0
      size: 250
    - path: data/processed/processed_data=POŠTA_-_SLOMŠKOV_TRG.csv
      hash: md5
      md5: 0eff020b07ed0049be526a420f85b3e2
      size: 249
    - path: data/processed/processed_data=RAZLAGOVA_UL_-_OBČINA.csv
      hash: md5
      md5: 372b0743f166242001cc42c6b5e4e999
      size: 249
    - path: data/processed/processed_data=SPAR_-_TRŽNICA_TABOR.csv
      hash: md5
      md5: 5070050bd1717f4b79796de43bf3ef3b
      size: 248
    - path: data/processed/processed_data=STROSSMAYERJEVA_UL_-_TRŽNICA.csv
      hash: md5
      md5: a6b7dc4dc9466e82964b367a9500581e
      size: 256
    - path: data/processed/processed_data=TELEMACH_-_GLAVNI_TRG_-_STARI_PERON.csv
      hash: md5
      md5: 79683a15a2857d3fe6cf2379f439d75c
      size: 246
    - path: data/processed/processed_data=ULICA_MOŠE_PIJADA_-_UKC.csv
      hash: md5
      md5: 7cefbc71cd3c95a5e62222dd2e0d3558
      size: 253
    - path: data/processed/processed_data=UM_FGPA_-_LENT_-_SODNI_STOLP.csv
      hash: md5
      md5: 69c837e14fb79e87a3c7e1f7601723d8
      size: 242
    - path: data/processed/processed_data=VZAJEMNA_VARUH_ZDRAVJA_-_BETNAVSKA_C.csv
      hash: md5
      md5: 80bfca9c5d4c0d0f343709c445c3e5c2
      size: 248
